
Microsoft Visual Studio Solution File, Format Version 12.00
# Visual Studio 15
VisualStudioVersion = 15.0.28010.2048
MinimumVisualStudioVersion = 10.0.40219.1
Project("{FAE04EC0-301F-11D3-BF4B-00C04F79EFBC}") = "CleanCodeDemo", "CleanCodeDemo\CleanCodeDemo.csproj", "{6B55662C-5435-44DD-985C-43DF0F6F7474}"
EndProject
Global
	GlobalSection(SolutionConfigurationPlatforms) = preSolution
		Debug|Any CPU = Debug|Any CPU
		Release|Any CPU = Release|Any CPU
	EndGlobalSection
	GlobalSection(ProjectConfigurationPlatforms) = postSolution
		{6B55662C-5435-44DD-985C-43DF0F6F7474}.Debug|Any CPU.ActiveCfg = Debug|Any CPU
		{6B55662C-5435-44DD-985C-43DF0F6F7474}.Debug|Any CPU.Build.0 = Debug|Any CPU
		{6B55662C-5435-44DD-985C-43DF0F6F7474}.Release|Any CPU.ActiveCfg = Release|Any CPU
		{6B55662C-5435-44DD-985C-43DF0F6F7474}.Release|Any CPU.Build.0 = Release|Any CPU
	EndGlobalSection
	GlobalSection(SolutionProperties) = preSolution
		HideSolutionNode = FALSE
	EndGlobalSection
	GlobalSection(ExtensibilityGlobals) = postSolution
		SolutionGuid = {6D3A3242-B7B3-449F-87D0-F796967591B6}
	EndGlobalSection
EndGlobal
